
Microsoft Visual Studio Solution File, Format Version 12.00
# Visual Studio Version 16
VisualStudioVersion = 16.0.31105.61
MinimumVisualStudioVersion = 10.0.40219.1
Project("{FAE04EC0-301F-11D3-BF4B-00C04F79EFBC}") = "registro", "registro\registro.csproj", "{51ACCDFA-30CF-4D2C-83D1-C6BB733EDFCD}"
EndProject
Global
	GlobalSection(SolutionConfigurationPlatforms) = preSolution
		Debug|Any CPU = Debug|Any CPU
		Release|Any CPU = Release|Any CPU
	EndGlobalSection
	GlobalSection(ProjectConfigurationPlatforms) = postSolution
		{51ACCDFA-30CF-4D2C-83D1-C6BB733EDFCD}.Debug|Any CPU.ActiveCfg = Debug|Any CPU
		{51ACCDFA-30CF-4D2C-83D1-C6BB733EDFCD}.Debug|Any CPU.Build.0 = Debug|Any CPU
		{51ACCDFA-30CF-4D2C-83D1-C6BB733EDFCD}.Release|Any CPU.ActiveCfg = Release|Any CPU
		{51ACCDFA-30CF-4D2C-83D1-C6BB733EDFCD}.Release|Any CPU.Build.0 = Release|Any CPU
	EndGlobalSection
	GlobalSection(SolutionProperties) = preSolution
		HideSolutionNode = FALSE
	EndGlobalSection
	GlobalSection(ExtensibilityGlobals) = postSolution
		SolutionGuid = {9B5A2985-FE61-4D62-8781-A32D0C2A69E5}
	EndGlobalSection
EndGlobal
